{
  "lockfileVersion": 1,
  "configVersion": 0,
  "workspaces": {
    "": {
      "name": "ubrn-wasm-demo",
      "dependencies": {
        "uniffi-bindgen-react-native": "github:wireapp/uniffi-bindgen-react-native#50bcea5a5346c88f619af5c1a34037c884e59edb",
      },
      "devDependencies": {
        "yarn": "^1.22.22",
      },
    },
  },
  "trustedDependencies": [
    "uniffi-bindgen-react-native",
  ],
  "packages": {
    "uniffi-bindgen-react-native": ["uniffi-bindgen-react-native@github:wireapp/uniffi-bindgen-react-native#50bcea5", { "bin": { "ubrn": "./bin/cli.cjs", "uniffi-bindgen-react-native": "./bin/cli.cjs" } }, "wireapp-uniffi-bindgen-react-native-50bcea5"],

    "yarn": ["yarn@1.22.22", "", { "bin": { "yarn": "bin/yarn.js", "yarnpkg": "bin/yarn.js" } }, "sha512-prL3kGtyG7o9Z9Sv8IPfBNrWTDmXB4Qbes8A9rEzt6wkJV8mUvoirjU0Mp3GGAU06Y0XQyA3/2/RQFVuK7MTfg=="],
  }
}
